
Microsoft Visual Studio Solution File, Format Version 12.00
# Visual Studio Version 17
VisualStudioVersion = 17.5.33502.453
MinimumVisualStudioVersion = 10.0.40219.1
Project("{2150E333-8FDC-42A3-9474-1A3956D46DE8}") = "Services", "Services", "{32B29C27-428D-4D88-9073-F0801370770B}"
EndProject
Project("{2150E333-8FDC-42A3-9474-1A3956D46DE8}") = "Catalog", "Catalog", "{ED44E903-3DF6-4A8D-9EA4-8B593E646F6B}"
EndProject
Project("{9A19103F-16F7-4668-BE54-9A1E7A4F7556}") = "Catalog.API", "Services\Catalog\Catalog.API\Catalog.API.csproj", "{83A8B13C-6415-4E3F-A38A-7DD977AA89EB}"
EndProject
Project("{E53339B2-1760-4266-BCC7-CA923CBCF16C}") = "docker-compose", "docker-compose.dcproj", "{20B196EE-B69A-4B0C-8022-07DDA33136B0}"
EndProject
Project("{2150E333-8FDC-42A3-9474-1A3956D46DE8}") = "Basket", "Basket", "{D0A52E8B-7602-4C9A-AF01-110A599AB6F2}"
EndProject
Project("{9A19103F-16F7-4668-BE54-9A1E7A4F7556}") = "Basket.API", "Services\Basket\Basket.API\Basket.API.csproj", "{F7268656-F1F6-46A6-9F3E-CCF4116DD706}"
EndProject
Project("{2150E333-8FDC-42A3-9474-1A3956D46DE8}") = "Discount", "Discount", "{94D68611-CC75-428E-9929-3E9CF5300175}"
EndProject
Project("{FAE04EC0-301F-11D3-BF4B-00C04F79EFBC}") = "Discount.API", "Services\Discount\Discount.API\Discount.API.csproj", "{4E5BCC36-4765-4B26-B151-F10EE7BEBD01}"
EndProject
Global
	GlobalSection(SolutionConfigurationPlatforms) = preSolution
		Debug|Any CPU = Debug|Any CPU
		Release|Any CPU = Release|Any CPU
	EndGlobalSection
	GlobalSection(ProjectConfigurationPlatforms) = postSolution
		{83A8B13C-6415-4E3F-A38A-7DD977AA89EB}.Debug|Any CPU.ActiveCfg = Debug|Any CPU
		{83A8B13C-6415-4E3F-A38A-7DD977AA89EB}.Debug|Any CPU.Build.0 = Debug|Any CPU
		{83A8B13C-6415-4E3F-A38A-7DD977AA89EB}.Release|Any CPU.ActiveCfg = Release|Any CPU
		{83A8B13C-6415-4E3F-A38A-7DD977AA89EB}.Release|Any CPU.Build.0 = Release|Any CPU
		{20B196EE-B69A-4B0C-8022-07DDA33136B0}.Debug|Any CPU.ActiveCfg = Debug|Any CPU
		{20B196EE-B69A-4B0C-8022-07DDA33136B0}.Debug|Any CPU.Build.0 = Debug|Any CPU
		{20B196EE-B69A-4B0C-8022-07DDA33136B0}.Release|Any CPU.ActiveCfg = Release|Any CPU
		{20B196EE-B69A-4B0C-8022-07DDA33136B0}.Release|Any CPU.Build.0 = Release|Any CPU
		{F7268656-F1F6-46A6-9F3E-CCF4116DD706}.Debug|Any CPU.ActiveCfg = Debug|Any CPU
		{F7268656-F1F6-46A6-9F3E-CCF4116DD706}.Debug|Any CPU.Build.0 = Debug|Any CPU
		{F7268656-F1F6-46A6-9F3E-CCF4116DD706}.Release|Any CPU.ActiveCfg = Release|Any CPU
		{F7268656-F1F6-46A6-9F3E-CCF4116DD706}.Release|Any CPU.Build.0 = Release|Any CPU
		{4E5BCC36-4765-4B26-B151-F10EE7BEBD01}.Debug|Any CPU.ActiveCfg = Debug|Any CPU
		{4E5BCC36-4765-4B26-B151-F10EE7BEBD01}.Debug|Any CPU.Build.0 = Debug|Any CPU
		{4E5BCC36-4765-4B26-B151-F10EE7BEBD01}.Release|Any CPU.ActiveCfg = Release|Any CPU
		{4E5BCC36-4765-4B26-B151-F10EE7BEBD01}.Release|Any CPU.Build.0 = Release|Any CPU
	EndGlobalSection
	GlobalSection(SolutionProperties) = preSolution
		HideSolutionNode = FALSE
	EndGlobalSection
	GlobalSection(NestedProjects) = preSolution
		{ED44E903-3DF6-4A8D-9EA4-8B593E646F6B} = {32B29C27-428D-4D88-9073-F0801370770B}
		{83A8B13C-6415-4E3F-A38A-7DD977AA89EB} = {ED44E903-3DF6-4A8D-9EA4-8B593E646F6B}
		{D0A52E8B-7602-4C9A-AF01-110A599AB6F2} = {32B29C27-428D-4D88-9073-F0801370770B}
		{F7268656-F1F6-46A6-9F3E-CCF4116DD706} = {D0A52E8B-7602-4C9A-AF01-110A599AB6F2}
		{94D68611-CC75-428E-9929-3E9CF5300175} = {32B29C27-428D-4D88-9073-F0801370770B}
		{4E5BCC36-4765-4B26-B151-F10EE7BEBD01} = {94D68611-CC75-428E-9929-3E9CF5300175}
	EndGlobalSection
	GlobalSection(ExtensibilityGlobals) = postSolution
		SolutionGuid = {7CBC6539-53EB-4C17-A75A-5DFD3DCC91E6}
	EndGlobalSection
EndGlobal
